
Microsoft Visual Studio Solution File, Format Version 12.00
# Visual Studio Version 16
VisualStudioVersion = 16.0.28803.916
MinimumVisualStudioVersion = 10.0.40219.1
Project("{FAE04EC0-301F-11D3-BF4B-00C04F79EFBC}") = "atv_1", "atv_1\atv_1.csproj", "{EFFB1A0B-4606-4340-891B-AF27FC3688E2}"
EndProject
Global
	GlobalSection(SolutionConfigurationPlatforms) = preSolution
		Debug|Any CPU = Debug|Any CPU
		Release|Any CPU = Release|Any CPU
	EndGlobalSection
	GlobalSection(ProjectConfigurationPlatforms) = postSolution
		{EFFB1A0B-4606-4340-891B-AF27FC3688E2}.Debug|Any CPU.ActiveCfg = Debug|Any CPU
		{EFFB1A0B-4606-4340-891B-AF27FC3688E2}.Debug|Any CPU.Build.0 = Debug|Any CPU
		{EFFB1A0B-4606-4340-891B-AF27FC3688E2}.Release|Any CPU.ActiveCfg = Release|Any CPU
		{EFFB1A0B-4606-4340-891B-AF27FC3688E2}.Release|Any CPU.Build.0 = Release|Any CPU
	EndGlobalSection
	GlobalSection(SolutionProperties) = preSolution
		HideSolutionNode = FALSE
	EndGlobalSection
	GlobalSection(ExtensibilityGlobals) = postSolution
		SolutionGuid = {3C37B586-7CB9-4737-9EA9-694931EF0E82}
	EndGlobalSection
EndGlobal
